
Microsoft Visual Studio Solution File, Format Version 12.00
# Visual Studio Version 17
VisualStudioVersion = 17.0.31903.59
MinimumVisualStudioVersion = 10.0.40219.1
Project("{FAE04EC0-301F-11D3-BF4B-00C04F79EFBC}") = "Webmaster442.WindowsTerminal", "Src\WindowsTerminal\Webmaster442.WindowsTerminal.csproj", "{3FFF5ADA-3CAA-402B-91C0-2F6C4A18676E}"
EndProject
Project("{FAE04EC0-301F-11D3-BF4B-00C04F79EFBC}") = "Demo", "Demo\Demo.csproj", "{963F43DE-9B61-40C0-B811-570263347CC8}"
EndProject
Project("{2150E333-8FDC-42A3-9474-1A3956D46DE8}") = "Solution Items", "Solution Items", "{069CEB42-56DE-47E8-B7B6-7566F8030FE7}"
	ProjectSection(SolutionItems) = preProject
		Changelog.md = Changelog.md
		README.md = README.md
		WindowsTerminal.sln.licenseheader = WindowsTerminal.sln.licenseheader
	EndProjectSection
EndProject
Project("{FAE04EC0-301F-11D3-BF4B-00C04F79EFBC}") = "Webmaster442.WindowsTerminal.Sixel", "Src\WindowsTerminal.Sixel\Webmaster442.WindowsTerminal.Sixel.csproj", "{C865B0C1-B2D8-4F7E-BD57-DA69ED047A96}"
EndProject
Project("{FAE04EC0-301F-11D3-BF4B-00C04F79EFBC}") = "Webmaster442.WindowsTerminal.Tests", "Src\Tests\Webmaster442.WindowsTerminal.Tests.csproj", "{EBBEF9CF-4676-46FD-90C4-54EAA816AC90}"
EndProject
Project("{2150E333-8FDC-42A3-9474-1A3956D46DE8}") = "Test", "Test", "{BEB135EC-767B-4D1B-80EB-A63478A3EAEF}"
EndProject
Global
	GlobalSection(SolutionConfigurationPlatforms) = preSolution
		Debug|Any CPU = Debug|Any CPU
		Release|Any CPU = Release|Any CPU
	EndGlobalSection
	GlobalSection(ProjectConfigurationPlatforms) = postSolution
		{3FFF5ADA-3CAA-402B-91C0-2F6C4A18676E}.Debug|Any CPU.ActiveCfg = Debug|Any CPU
		{3FFF5ADA-3CAA-402B-91C0-2F6C4A18676E}.Debug|Any CPU.Build.0 = Debug|Any CPU
		{3FFF5ADA-3CAA-402B-91C0-2F6C4A18676E}.Release|Any CPU.ActiveCfg = Release|Any CPU
		{3FFF5ADA-3CAA-402B-91C0-2F6C4A18676E}.Release|Any CPU.Build.0 = Release|Any CPU
		{963F43DE-9B61-40C0-B811-570263347CC8}.Debug|Any CPU.ActiveCfg = Debug|Any CPU
		{963F43DE-9B61-40C0-B811-570263347CC8}.Debug|Any CPU.Build.0 = Debug|Any CPU
		{963F43DE-9B61-40C0-B811-570263347CC8}.Release|Any CPU.ActiveCfg = Release|Any CPU
		{963F43DE-9B61-40C0-B811-570263347CC8}.Release|Any CPU.Build.0 = Release|Any CPU
		{C865B0C1-B2D8-4F7E-BD57-DA69ED047A96}.Debug|Any CPU.ActiveCfg = Debug|Any CPU
		{C865B0C1-B2D8-4F7E-BD57-DA69ED047A96}.Debug|Any CPU.Build.0 = Debug|Any CPU
		{C865B0C1-B2D8-4F7E-BD57-DA69ED047A96}.Release|Any CPU.ActiveCfg = Release|Any CPU
		{C865B0C1-B2D8-4F7E-BD57-DA69ED047A96}.Release|Any CPU.Build.0 = Release|Any CPU
		{EBBEF9CF-4676-46FD-90C4-54EAA816AC90}.Debug|Any CPU.ActiveCfg = Debug|Any CPU
		{EBBEF9CF-4676-46FD-90C4-54EAA816AC90}.Debug|Any CPU.Build.0 = Debug|Any CPU
		{EBBEF9CF-4676-46FD-90C4-54EAA816AC90}.Release|Any CPU.ActiveCfg = Release|Any CPU
		{EBBEF9CF-4676-46FD-90C4-54EAA816AC90}.Release|Any CPU.Build.0 = Release|Any CPU
	EndGlobalSection
	GlobalSection(SolutionProperties) = preSolution
		HideSolutionNode = FALSE
	EndGlobalSection
	GlobalSection(NestedProjects) = preSolution
		{963F43DE-9B61-40C0-B811-570263347CC8} = {BEB135EC-767B-4D1B-80EB-A63478A3EAEF}
		{EBBEF9CF-4676-46FD-90C4-54EAA816AC90} = {BEB135EC-767B-4D1B-80EB-A63478A3EAEF}
	EndGlobalSection
EndGlobal
