
Microsoft Visual Studio Solution File, Format Version 12.00
# Visual Studio Version 17
VisualStudioVersion = 17.0.31903.59
MinimumVisualStudioVersion = 10.0.40219.1
Project("{FAE04EC0-301F-11D3-BF4B-00C04F79EFBC}") = "Webmaster442.WindowsTerminal", "Src\WindowsTerminal\Webmaster442.WindowsTerminal.csproj", "{3FFF5ADA-3CAA-402B-91C0-2F6C4A18676E}"
EndProject
Project("{FAE04EC0-301F-11D3-BF4B-00C04F79EFBC}") = "WindowsTerminal.Sixel.ImageSharp", "Src\WindowsTerminal.Sixel.ImageSharp\WindowsTerminal.Sixel.ImageSharp.csproj", "{CACEDB72-0BA5-475C-A5D4-808F78EFBA78}"
EndProject
Global
	GlobalSection(SolutionConfigurationPlatforms) = preSolution
		Debug|Any CPU = Debug|Any CPU
		Release|Any CPU = Release|Any CPU
	EndGlobalSection
	GlobalSection(ProjectConfigurationPlatforms) = postSolution
		{3FFF5ADA-3CAA-402B-91C0-2F6C4A18676E}.Debug|Any CPU.ActiveCfg = Debug|Any CPU
		{3FFF5ADA-3CAA-402B-91C0-2F6C4A18676E}.Debug|Any CPU.Build.0 = Debug|Any CPU
		{3FFF5ADA-3CAA-402B-91C0-2F6C4A18676E}.Release|Any CPU.ActiveCfg = Release|Any CPU
		{3FFF5ADA-3CAA-402B-91C0-2F6C4A18676E}.Release|Any CPU.Build.0 = Release|Any CPU
		{CACEDB72-0BA5-475C-A5D4-808F78EFBA78}.Debug|Any CPU.ActiveCfg = Debug|Any CPU
		{CACEDB72-0BA5-475C-A5D4-808F78EFBA78}.Debug|Any CPU.Build.0 = Debug|Any CPU
		{CACEDB72-0BA5-475C-A5D4-808F78EFBA78}.Release|Any CPU.ActiveCfg = Release|Any CPU
		{CACEDB72-0BA5-475C-A5D4-808F78EFBA78}.Release|Any CPU.Build.0 = Release|Any CPU
	EndGlobalSection
	GlobalSection(SolutionProperties) = preSolution
		HideSolutionNode = FALSE
	EndGlobalSection
EndGlobal
